
Microsoft Visual Studio Solution File, Format Version 12.00
# Visual Studio Version 17
VisualStudioVersion = 17.9.34714.143
MinimumVisualStudioVersion = 10.0.40219.1
Project("{FAE04EC0-301F-11D3-BF4B-00C04F79EFBC}") = "log_manager", "log_manager.csproj", "{ED7BEE29-1C36-4AAF-8709-FD5C3F12DAF8}"
EndProject
Global
	GlobalSection(SolutionConfigurationPlatforms) = preSolution
		Debug|Any CPU = Debug|Any CPU
		Release|Any CPU = Release|Any CPU
	EndGlobalSection
	GlobalSection(ProjectConfigurationPlatforms) = postSolution
		{ED7BEE29-1C36-4AAF-8709-FD5C3F12DAF8}.Debug|Any CPU.ActiveCfg = Debug|Any CPU
		{ED7BEE29-1C36-4AAF-8709-FD5C3F12DAF8}.Debug|Any CPU.Build.0 = Debug|Any CPU
		{ED7BEE29-1C36-4AAF-8709-FD5C3F12DAF8}.Release|Any CPU.ActiveCfg = Release|Any CPU
		{ED7BEE29-1C36-4AAF-8709-FD5C3F12DAF8}.Release|Any CPU.Build.0 = Release|Any CPU
	EndGlobalSection
	GlobalSection(SolutionProperties) = preSolution
		HideSolutionNode = FALSE
	EndGlobalSection
	GlobalSection(ExtensibilityGlobals) = postSolution
		SolutionGuid = {BF9BF3E8-2D1C-44E4-B35F-01FD29A9865C}
	EndGlobalSection
EndGlobal
